
Microsoft Visual Studio Solution File, Format Version 11.00
# Visual Studio 2010
Project("{FAE04EC0-301F-11D3-BF4B-00C04F79EFBC}") = "ProyectoNotas", "ProyectoNotas\ProyectoNotas.csproj", "{59A75D01-0587-458E-88D4-76526C2985BF}"
EndProject
Global
	GlobalSection(SolutionConfigurationPlatforms) = preSolution
		Debug|Any CPU = Debug|Any CPU
		Release|Any CPU = Release|Any CPU
	EndGlobalSection
	GlobalSection(ProjectConfigurationPlatforms) = postSolution
		{59A75D01-0587-458E-88D4-76526C2985BF}.Debug|Any CPU.ActiveCfg = Debug|Any CPU
		{59A75D01-0587-458E-88D4-76526C2985BF}.Debug|Any CPU.Build.0 = Debug|Any CPU
		{59A75D01-0587-458E-88D4-76526C2985BF}.Release|Any CPU.ActiveCfg = Release|Any CPU
		{59A75D01-0587-458E-88D4-76526C2985BF}.Release|Any CPU.Build.0 = Release|Any CPU
	EndGlobalSection
	GlobalSection(SolutionProperties) = preSolution
		HideSolutionNode = FALSE
	EndGlobalSection
EndGlobal
